<?xml version="1.0" encoding="utf-8"?>
<Project ToolsVersion="4.0" xmlns="http://schemas.microsoft.com/developer/msbuild/2003">
  <ItemGroup>
    <Filter Include="Source Files">
      <UniqueIdentifier>{4FC737F1-C7A5-4376-A066-2A32D752A2FF}</UniqueIdentifier>
      <Extensions>cpp;c;cc;cxx;c++;cppm;ixx;def;odl;idl;hpj;bat;asm;asmx</Extensions>
    </Filter>
    <Filter Include="Header Files">
      <UniqueIdentifier>{93995380-89BD-4b04-88EB-625FBE52EBFB}</UniqueIdentifier>
      <Extensions>h;hh;hpp;hxx;h++;hm;inl;inc;ipp;xsd</Extensions>
    </Filter>
    <Filter Include="Resource Files">
      <UniqueIdentifier>{67DA6AB6-F800-4c08-8B7A-83BB121AAD01}</UniqueIdentifier>
      <Extensions>rc;ico;cur;bmp;dlg;rc2;rct;bin;rgs;gif;jpg;jpeg;jpe;resx;tiff;tif;png;wav;mfcribbon-ms</Extensions>
    </Filter>
  </ItemGroup>
  <ItemGroup>
    <ClCompile Include="cApp.cpp">
      <Filter>Source Files</Filter>
    </ClCompile>
    <ClCompile Include="cAssetManager.cpp">
      <Filter>Source Files</Filter>
    </ClCompile>
    <ClCompile Include="cMapLoader.cpp">
      <Filter>Source Files</Filter>
    </ClCompile>
    <ClCompile Include="cZone.cpp">
      <Filter>Source Files</Filter>
    </ClCompile>
    <ClCompile Include="gGameEngine.cpp">
      <Filter>Source Files</Filter>
    </ClCompile>
    <ClCompile Include="gKey.cpp">
      <Filter>Source Files</Filter>
    </ClCompile>
    <ClCompile Include="gPixel.cpp">
      <Filter>Source Files</Filter>
    </ClCompile>
    <ClCompile Include="gResourcePack.cpp">
      <Filter>Source Files</Filter>
    </ClCompile>
    <ClCompile Include="gSprite.cpp">
      <Filter>Source Files</Filter>
    </ClCompile>
    <ClCompile Include="gState.cpp">
      <Filter>Source Files</Filter>
    </ClCompile>
    <ClCompile Include="gTexture.cpp">
      <Filter>Source Files</Filter>
    </ClCompile>
    <ClCompile Include="gUtils.cpp">
      <Filter>Source Files</Filter>
    </ClCompile>
    <ClCompile Include="main.cpp">
      <Filter>Source Files</Filter>
    </ClCompile>
    <ClCompile Include="uSound.cpp">
      <Filter>Source Files</Filter>
    </ClCompile>
    <ClCompile Include="uStringUtils.cpp">
      <Filter>Source Files</Filter>
    </ClCompile>
    <ClCompile Include="gWindow.cpp">
      <Filter>Source Files</Filter>
    </ClCompile>
    <ClCompile Include="cMapObject.cpp">
      <Filter>Source Files</Filter>
    </ClCompile>
    <ClCompile Include="cMapLane.cpp">
      <Filter>Source Files</Filter>
    </ClCompile>
    <ClCompile Include="uAppUtils.cpp">
      <Filter>Source Files</Filter>
    </ClCompile>
    <ClCompile Include="cFrame.cpp">
      <Filter>Source Files</Filter>
    </ClCompile>
    <ClCompile Include="hMapDrawer.cpp">
      <Filter>Source Files</Filter>
    </ClCompile>
    <ClCompile Include="hMapEditor.cpp">
      <Filter>Source Files</Filter>
    </ClCompile>
    <ClCompile Include="hMenu.cpp">
      <Filter>Source Files</Filter>
    </ClCompile>
    <ClCompile Include="hPlayer.cpp">
      <Filter>Source Files</Filter>
    </ClCompile>
    <ClCompile Include="uMessageManager.cpp">
      <Filter>Source Files</Filter>
    </ClCompile>
    <ClCompile Include="uConsoleColor.cpp">
      <Filter>Source Files</Filter>
    </ClCompile>
    <ClCompile Include="hPlayerMotion.cpp">
      <Filter>Source Files</Filter>
    </ClCompile>
    <ClCompile Include="cFrameManager.cpp">
      <Filter>Source Files</Filter>
    </ClCompile>
    <ClCompile Include="hPlayerRender.cpp">
      <Filter>Source Files</Filter>
    </ClCompile>
    <ClCompile Include="hPlayerHitbox.cpp">
      <Filter>Source Files</Filter>
    </ClCompile>
    <ClCompile Include="hPlayerUpdate.cpp">
      <Filter>Source Files</Filter>
    </ClCompile>
    <ClCompile Include="cPlayerPhysic.cpp">
      <Filter>Source Files</Filter>
    </ClCompile>
    <ClCompile Include="cPlayerRecord.cpp">
      <Filter>Source Files</Filter>
    </ClCompile>
    <ClCompile Include="cPlayerStatus.cpp">
      <Filter>Source Files</Filter>
    </ClCompile>
    <ClCompile Include="cPlayerMoment.cpp">
      <Filter>Source Files</Filter>
    </ClCompile>
  </ItemGroup>
  <ItemGroup>
    <ClInclude Include="cApp.h">
      <Filter>Header Files</Filter>
    </ClInclude>
    <ClInclude Include="cAssetManager.h">
      <Filter>Header Files</Filter>
    </ClInclude>
    <ClInclude Include="cMapLoader.h">
      <Filter>Header Files</Filter>
    </ClInclude>
    <ClInclude Include="cZone.h">
      <Filter>Header Files</Filter>
    </ClInclude>
    <ClInclude Include="gGameEngine.h">
      <Filter>Header Files</Filter>
    </ClInclude>
    <ClInclude Include="gKey.h">
      <Filter>Header Files</Filter>
    </ClInclude>
    <ClInclude Include="gPixel.h">
      <Filter>Header Files</Filter>
    </ClInclude>
    <ClInclude Include="gConst.h">
      <Filter>Header Files</Filter>
    </ClInclude>
    <ClInclude Include="gResourcePack.h">
      <Filter>Header Files</Filter>
    </ClInclude>
    <ClInclude Include="gSprite.h">
      <Filter>Header Files</Filter>
    </ClInclude>
    <ClInclude Include="gState.h">
      <Filter>Header Files</Filter>
    </ClInclude>
    <ClInclude Include="gTexture.h">
      <Filter>Header Files</Filter>
    </ClInclude>
    <ClInclude Include="gUtils.h">
      <Filter>Header Files</Filter>
    </ClInclude>
    <ClInclude Include="uAppConst.h">
      <Filter>Header Files</Filter>
    </ClInclude>
    <ClInclude Include="uSound.h">
      <Filter>Header Files</Filter>
    </ClInclude>
    <ClInclude Include="uStringUtils.h">
      <Filter>Header Files</Filter>
    </ClInclude>
    <ClInclude Include="gWindow.h">
      <Filter>Header Files</Filter>
    </ClInclude>
    <ClInclude Include="cMapObject.h">
      <Filter>Header Files</Filter>
    </ClInclude>
    <ClInclude Include="cMapLane.h">
      <Filter>Header Files</Filter>
    </ClInclude>
    <ClInclude Include="uAppUtils.h">
      <Filter>Header Files</Filter>
    </ClInclude>
    <ClInclude Include="cFrame.h">
      <Filter>Header Files</Filter>
    </ClInclude>
    <ClInclude Include="hMapDrawer.h">
      <Filter>Header Files</Filter>
    </ClInclude>
    <ClInclude Include="hMapEditor.h">
      <Filter>Header Files</Filter>
    </ClInclude>
    <ClInclude Include="hMenu.h">
      <Filter>Header Files</Filter>
    </ClInclude>
    <ClInclude Include="hPlayer.h">
      <Filter>Header Files</Filter>
    </ClInclude>
    <ClInclude Include="cMessageManager.h">
      <Filter>Header Files</Filter>
    </ClInclude>
    <ClInclude Include="uConsoleColor.h">
      <Filter>Header Files</Filter>
    </ClInclude>
    <ClInclude Include="hPlayerMotion.h">
      <Filter>Header Files</Filter>
    </ClInclude>
    <ClInclude Include="cFrameManager.h">
      <Filter>Header Files</Filter>
    </ClInclude>
    <ClInclude Include="hPlayerRender.h">
      <Filter>Header Files</Filter>
    </ClInclude>
    <ClInclude Include="hPlayerHitbox.h">
      <Filter>Header Files</Filter>
    </ClInclude>
    <ClInclude Include="hPlayerUpdate.h">
      <Filter>Header Files</Filter>
    </ClInclude>
    <ClInclude Include="cPlayerPhysic.h">
      <Filter>Header Files</Filter>
    </ClInclude>
    <ClInclude Include="cPlayerRecord.h">
      <Filter>Header Files</Filter>
    </ClInclude>
    <ClInclude Include="cPlayerStatus.h">
      <Filter>Header Files</Filter>
    </ClInclude>
    <ClInclude Include="cPlayerMoment.h">
      <Filter>Header Files</Filter>
    </ClInclude>
  </ItemGroup>
  <ItemGroup>
    <Text Include="data\maps\map0.txt">
      <Filter>Resource Files</Filter>
    </Text>
    <Text Include="data\maps\map1.txt">
      <Filter>Resource Files</Filter>
    </Text>
    <Text Include="data\maps\map2.txt">
      <Filter>Resource Files</Filter>
    </Text>
    <Text Include="data\maps\map3.txt">
      <Filter>Resource Files</Filter>
    </Text>
    <Text Include="data\maps\map4.txt">
      <Filter>Resource Files</Filter>
    </Text>
    <Text Include="data\maps\mapNames.txt">
      <Filter>Resource Files</Filter>
    </Text>
    <Text Include="data\report\log.txt" />
    <Text Include="data\maps\map5.txt">
      <Filter>Resource Files</Filter>
    </Text>
  </ItemGroup>
  <ItemGroup>
    <None Include="docs\functionStandard.md" />
    <None Include="docs\codingStandard.md" />
    <None Include="docs\projectStandard.md" />
    <None Include="docs\mapStandard.md" />
    <None Include="docs\README.md" />
    <None Include="docs\todo.md" />
    <None Include="docs\standard\codingStandard.md">
      <Filter>Resource Files</Filter>
    </None>
    <None Include="docs\standard\documentation.md">
      <Filter>Resource Files</Filter>
    </None>
    <None Include="docs\standard\classStandard.md">
      <Filter>Resource Files</Filter>
    </None>
    <None Include="docs\standard\mapStandard.md">
      <Filter>Resource Files</Filter>
    </None>
    <None Include="docs\standard\projectStandard.md">
      <Filter>Resource Files</Filter>
    </None>
    <None Include="docs\standard\codingStyle.md">
      <Filter>Resource Files</Filter>
    </None>
  </ItemGroup>
</Project>